
Microsoft Visual Studio Solution File, Format Version 12.00
# Visual Studio Version 17
VisualStudioVersion = 17.5.33516.290
MinimumVisualStudioVersion = 10.0.40219.1
Project("{FAE04EC0-301F-11D3-BF4B-00C04F79EFBC}") = "App.Web.Mvc", "App.Web.Mvc\App.Web.Mvc.csproj", "{3B0DE2A5-F2E0-4BED-A83F-974EE6D81BBF}"
EndProject
Global
	GlobalSection(SolutionConfigurationPlatforms) = preSolution
		Debug|Any CPU = Debug|Any CPU
		Release|Any CPU = Release|Any CPU
	EndGlobalSection
	GlobalSection(ProjectConfigurationPlatforms) = postSolution
		{3B0DE2A5-F2E0-4BED-A83F-974EE6D81BBF}.Debug|Any CPU.ActiveCfg = Debug|Any CPU
		{3B0DE2A5-F2E0-4BED-A83F-974EE6D81BBF}.Debug|Any CPU.Build.0 = Debug|Any CPU
		{3B0DE2A5-F2E0-4BED-A83F-974EE6D81BBF}.Release|Any CPU.ActiveCfg = Release|Any CPU
		{3B0DE2A5-F2E0-4BED-A83F-974EE6D81BBF}.Release|Any CPU.Build.0 = Release|Any CPU
	EndGlobalSection
	GlobalSection(SolutionProperties) = preSolution
		HideSolutionNode = FALSE
	EndGlobalSection
	GlobalSection(ExtensibilityGlobals) = postSolution
		SolutionGuid = {94509C38-898B-4F2D-857E-B61E9C4D821D}
	EndGlobalSection
EndGlobal
